
Microsoft Visual Studio Solution File, Format Version 12.00
# Visual Studio Version 17
VisualStudioVersion = 17.9.34728.123
MinimumVisualStudioVersion = 10.0.40219.1
Project("{FAE04EC0-301F-11D3-BF4B-00C04F79EFBC}") = "HiveServer", "HiveServer\HiveServer.csproj", "{8D5D4C46-1A6A-48CA-A920-40672C0EB39A}"
EndProject
Project("{FAE04EC0-301F-11D3-BF4B-00C04F79EFBC}") = "GameServer", "GameServer\GameServer.csproj", "{9925E451-9B18-44E0-A5E9-C1EFFA796DC2}"
EndProject
Global
	GlobalSection(SolutionConfigurationPlatforms) = preSolution
		Debug|Any CPU = Debug|Any CPU
		Release|Any CPU = Release|Any CPU
	EndGlobalSection
	GlobalSection(ProjectConfigurationPlatforms) = postSolution
		{8D5D4C46-1A6A-48CA-A920-40672C0EB39A}.Debug|Any CPU.ActiveCfg = Debug|Any CPU
		{8D5D4C46-1A6A-48CA-A920-40672C0EB39A}.Debug|Any CPU.Build.0 = Debug|Any CPU
		{8D5D4C46-1A6A-48CA-A920-40672C0EB39A}.Release|Any CPU.ActiveCfg = Release|Any CPU
		{8D5D4C46-1A6A-48CA-A920-40672C0EB39A}.Release|Any CPU.Build.0 = Release|Any CPU
		{9925E451-9B18-44E0-A5E9-C1EFFA796DC2}.Debug|Any CPU.ActiveCfg = Debug|Any CPU
		{9925E451-9B18-44E0-A5E9-C1EFFA796DC2}.Debug|Any CPU.Build.0 = Debug|Any CPU
		{9925E451-9B18-44E0-A5E9-C1EFFA796DC2}.Release|Any CPU.ActiveCfg = Release|Any CPU
		{9925E451-9B18-44E0-A5E9-C1EFFA796DC2}.Release|Any CPU.Build.0 = Release|Any CPU
	EndGlobalSection
	GlobalSection(SolutionProperties) = preSolution
		HideSolutionNode = FALSE
	EndGlobalSection
	GlobalSection(ExtensibilityGlobals) = postSolution
		SolutionGuid = {EF5DF29C-442B-4616-A7B9-E89EE89E7CCF}
	EndGlobalSection
EndGlobal
